
Microsoft Visual Studio Solution File, Format Version 12.00
# Visual Studio 15
VisualStudioVersion = 15.0.28010.2041
MinimumVisualStudioVersion = 10.0.40219.1
Project("{FAE04EC0-301F-11D3-BF4B-00C04F79EFBC}") = "Presentation", "Presentation\Presentation.csproj", "{4023ABE2-7382-4116-8342-6E9FEFAC64FD}"
EndProject
Global
	GlobalSection(SolutionConfigurationPlatforms) = preSolution
		Debug|Any CPU = Debug|Any CPU
		Release|Any CPU = Release|Any CPU
	EndGlobalSection
	GlobalSection(ProjectConfigurationPlatforms) = postSolution
		{4023ABE2-7382-4116-8342-6E9FEFAC64FD}.Debug|Any CPU.ActiveCfg = Debug|Any CPU
		{4023ABE2-7382-4116-8342-6E9FEFAC64FD}.Debug|Any CPU.Build.0 = Debug|Any CPU
		{4023ABE2-7382-4116-8342-6E9FEFAC64FD}.Release|Any CPU.ActiveCfg = Release|Any CPU
		{4023ABE2-7382-4116-8342-6E9FEFAC64FD}.Release|Any CPU.Build.0 = Release|Any CPU
	EndGlobalSection
	GlobalSection(SolutionProperties) = preSolution
		HideSolutionNode = FALSE
	EndGlobalSection
	GlobalSection(ExtensibilityGlobals) = postSolution
		SolutionGuid = {AA671E87-3F3E-411E-B74C-3EE36638A847}
	EndGlobalSection
EndGlobal
